
Microsoft Visual Studio Solution File, Format Version 12.00
# Visual Studio 15
VisualStudioVersion = 15.0.28010.2016
MinimumVisualStudioVersion = 10.0.40219.1
Project("{FAE04EC0-301F-11D3-BF4B-00C04F79EFBC}") = "CoalPasswords", "CoalPasswords\CoalPasswords.csproj", "{0261530B-EA96-4030-BED7-BD6058C9958C}"
EndProject
Global
	GlobalSection(SolutionConfigurationPlatforms) = preSolution
		Debug|Any CPU = Debug|Any CPU
		Release|Any CPU = Release|Any CPU
	EndGlobalSection
	GlobalSection(ProjectConfigurationPlatforms) = postSolution
		{0261530B-EA96-4030-BED7-BD6058C9958C}.Debug|Any CPU.ActiveCfg = Debug|Any CPU
		{0261530B-EA96-4030-BED7-BD6058C9958C}.Debug|Any CPU.Build.0 = Debug|Any CPU
		{0261530B-EA96-4030-BED7-BD6058C9958C}.Release|Any CPU.ActiveCfg = Release|Any CPU
		{0261530B-EA96-4030-BED7-BD6058C9958C}.Release|Any CPU.Build.0 = Release|Any CPU
	EndGlobalSection
	GlobalSection(SolutionProperties) = preSolution
		HideSolutionNode = FALSE
	EndGlobalSection
	GlobalSection(ExtensibilityGlobals) = postSolution
		SolutionGuid = {EEF30097-AC4D-4415-84D6-389AF509A5E1}
	EndGlobalSection
EndGlobal
